
Microsoft Visual Studio Solution File, Format Version 12.00
# Visual Studio Version 17
VisualStudioVersion = 17.13.35507.96
MinimumVisualStudioVersion = 10.0.40219.1
Project("{FAE04EC0-301F-11D3-BF4B-00C04F79EFBC}") = "Clinic.UI", "Clinic.UI\Clinic.UI.csproj", "{3B31E789-4324-4BE9-A11C-F5D5B0995D6F}"
EndProject
Project("{FAE04EC0-301F-11D3-BF4B-00C04F79EFBC}") = "Clinic.Application", "Clinic.Application\Clinic.Application.csproj", "{0EF2C24A-97FF-4B37-9C9F-9AD4804E79A8}"
EndProject
Project("{FAE04EC0-301F-11D3-BF4B-00C04F79EFBC}") = "Clinic.Infrastructure", "Clinic.Presistence\Clinic.Infrastructure.csproj", "{CD8FFB3C-BF8A-457C-9E53-721C9F9FC8B8}"
EndProject
Global
	GlobalSection(SolutionConfigurationPlatforms) = preSolution
		Debug|Any CPU = Debug|Any CPU
		Release|Any CPU = Release|Any CPU
	EndGlobalSection
	GlobalSection(ProjectConfigurationPlatforms) = postSolution
		{3B31E789-4324-4BE9-A11C-F5D5B0995D6F}.Debug|Any CPU.ActiveCfg = Debug|Any CPU
		{3B31E789-4324-4BE9-A11C-F5D5B0995D6F}.Debug|Any CPU.Build.0 = Debug|Any CPU
		{3B31E789-4324-4BE9-A11C-F5D5B0995D6F}.Release|Any CPU.ActiveCfg = Release|Any CPU
		{3B31E789-4324-4BE9-A11C-F5D5B0995D6F}.Release|Any CPU.Build.0 = Release|Any CPU
		{0EF2C24A-97FF-4B37-9C9F-9AD4804E79A8}.Debug|Any CPU.ActiveCfg = Debug|Any CPU
		{0EF2C24A-97FF-4B37-9C9F-9AD4804E79A8}.Debug|Any CPU.Build.0 = Debug|Any CPU
		{0EF2C24A-97FF-4B37-9C9F-9AD4804E79A8}.Release|Any CPU.ActiveCfg = Release|Any CPU
		{0EF2C24A-97FF-4B37-9C9F-9AD4804E79A8}.Release|Any CPU.Build.0 = Release|Any CPU
		{CD8FFB3C-BF8A-457C-9E53-721C9F9FC8B8}.Debug|Any CPU.ActiveCfg = Debug|Any CPU
		{CD8FFB3C-BF8A-457C-9E53-721C9F9FC8B8}.Debug|Any CPU.Build.0 = Debug|Any CPU
		{CD8FFB3C-BF8A-457C-9E53-721C9F9FC8B8}.Release|Any CPU.ActiveCfg = Release|Any CPU
		{CD8FFB3C-BF8A-457C-9E53-721C9F9FC8B8}.Release|Any CPU.Build.0 = Release|Any CPU
	EndGlobalSection
	GlobalSection(SolutionProperties) = preSolution
		HideSolutionNode = FALSE
	EndGlobalSection
	GlobalSection(ExtensibilityGlobals) = postSolution
		SolutionGuid = {F272C24A-A84B-4C08-8D7A-CF1D4828EEC8}
	EndGlobalSection
EndGlobal
